
Microsoft Visual Studio Solution File, Format Version 12.00
# Visual Studio Version 17
VisualStudioVersion = 17.11.35327.3
MinimumVisualStudioVersion = 10.0.40219.1
Project("{FAE04EC0-301F-11D3-BF4B-00C04F79EFBC}") = "jhon_andrade_back", "jhon_andrade_back.csproj", "{EE68FD66-5D44-4994-A7E5-196A422D8C0A}"
EndProject
Global
	GlobalSection(SolutionConfigurationPlatforms) = preSolution
		Debug|Any CPU = Debug|Any CPU
		Release|Any CPU = Release|Any CPU
	EndGlobalSection
	GlobalSection(ProjectConfigurationPlatforms) = postSolution
		{EE68FD66-5D44-4994-A7E5-196A422D8C0A}.Debug|Any CPU.ActiveCfg = Debug|Any CPU
		{EE68FD66-5D44-4994-A7E5-196A422D8C0A}.Debug|Any CPU.Build.0 = Debug|Any CPU
		{EE68FD66-5D44-4994-A7E5-196A422D8C0A}.Release|Any CPU.ActiveCfg = Release|Any CPU
		{EE68FD66-5D44-4994-A7E5-196A422D8C0A}.Release|Any CPU.Build.0 = Release|Any CPU
	EndGlobalSection
	GlobalSection(SolutionProperties) = preSolution
		HideSolutionNode = FALSE
	EndGlobalSection
	GlobalSection(ExtensibilityGlobals) = postSolution
		SolutionGuid = {1D41C3C0-2839-47D4-8CD9-A72FEE04A774}
	EndGlobalSection
EndGlobal
